
Microsoft Visual Studio Solution File, Format Version 12.00
# Visual Studio Version 16
VisualStudioVersion = 16.0.28729.10
MinimumVisualStudioVersion = 10.0.40219.1
Project("{FAE04EC0-301F-11D3-BF4B-00C04F79EFBC}") = "Vidly", "Vidly\Vidly.csproj", "{864F9CF8-D9D2-496F-9D47-A77D60B452CE}"
EndProject
Global
	GlobalSection(SolutionConfigurationPlatforms) = preSolution
		Debug|Any CPU = Debug|Any CPU
		Release|Any CPU = Release|Any CPU
		Testing|Any CPU = Testing|Any CPU
	EndGlobalSection
	GlobalSection(ProjectConfigurationPlatforms) = postSolution
		{864F9CF8-D9D2-496F-9D47-A77D60B452CE}.Debug|Any CPU.ActiveCfg = Debug|Any CPU
		{864F9CF8-D9D2-496F-9D47-A77D60B452CE}.Debug|Any CPU.Build.0 = Debug|Any CPU
		{864F9CF8-D9D2-496F-9D47-A77D60B452CE}.Release|Any CPU.ActiveCfg = Release|Any CPU
		{864F9CF8-D9D2-496F-9D47-A77D60B452CE}.Release|Any CPU.Build.0 = Release|Any CPU
		{864F9CF8-D9D2-496F-9D47-A77D60B452CE}.Testing|Any CPU.ActiveCfg = Testing|Any CPU
		{864F9CF8-D9D2-496F-9D47-A77D60B452CE}.Testing|Any CPU.Build.0 = Testing|Any CPU
	EndGlobalSection
	GlobalSection(SolutionProperties) = preSolution
		HideSolutionNode = FALSE
	EndGlobalSection
	GlobalSection(ExtensibilityGlobals) = postSolution
		SolutionGuid = {DEB19FDF-6EEB-4EBA-A66B-C13C500338D4}
	EndGlobalSection
EndGlobal
